
Microsoft Visual Studio Solution File, Format Version 12.00
# Visual Studio 15
VisualStudioVersion = 15.0.33403.129
MinimumVisualStudioVersion = 10.0.40219.1
Project("{FAE04EC0-301F-11D3-BF4B-00C04F79EFBC}") = "Lab2", "Lab2\Lab2.csproj", "{15EB2B4E-D746-4298-A519-739F0400180F}"
EndProject
Global
	GlobalSection(SolutionConfigurationPlatforms) = preSolution
		Debug|Any CPU = Debug|Any CPU
		Release|Any CPU = Release|Any CPU
	EndGlobalSection
	GlobalSection(ProjectConfigurationPlatforms) = postSolution
		{15EB2B4E-D746-4298-A519-739F0400180F}.Debug|Any CPU.ActiveCfg = Debug|Any CPU
		{15EB2B4E-D746-4298-A519-739F0400180F}.Debug|Any CPU.Build.0 = Debug|Any CPU
		{15EB2B4E-D746-4298-A519-739F0400180F}.Release|Any CPU.ActiveCfg = Release|Any CPU
		{15EB2B4E-D746-4298-A519-739F0400180F}.Release|Any CPU.Build.0 = Release|Any CPU
	EndGlobalSection
	GlobalSection(SolutionProperties) = preSolution
		HideSolutionNode = FALSE
	EndGlobalSection
	GlobalSection(ExtensibilityGlobals) = postSolution
		SolutionGuid = {B746BF87-B5D0-4452-AFAA-67A7218C5172}
	EndGlobalSection
EndGlobal
